
Microsoft Visual Studio Solution File, Format Version 12.00
# Visual Studio 15
VisualStudioVersion = 15.0.28307.102
MinimumVisualStudioVersion = 10.0.40219.1
Project("{FAE04EC0-301F-11D3-BF4B-00C04F79EFBC}") = "IncrementalListView.Sample.Android", "IncrementalListView.Sample\IncrementalListView.Sample.Android\IncrementalListView.Sample.Android.csproj", "{369E38E6-65AE-4D3D-9320-CF4F6A3755B2}"
EndProject
Project("{FAE04EC0-301F-11D3-BF4B-00C04F79EFBC}") = "IncrementalListView.Sample.iOS", "IncrementalListView.Sample\IncrementalListView.Sample.iOS\IncrementalListView.Sample.iOS.csproj", "{89CCE6E5-8A10-423B-A00E-BF94EC22E8D3}"
EndProject
Project("{FAE04EC0-301F-11D3-BF4B-00C04F79EFBC}") = "IncrementalListView.Sample.UWP", "IncrementalListView.Sample\IncrementalListView.Sample.UWP\IncrementalListView.Sample.UWP.csproj", "{8574EFE8-178E-4206-8ADD-469ECC1B0559}"
EndProject
Project("{FAE04EC0-301F-11D3-BF4B-00C04F79EFBC}") = "IncrementalListView.Sample", "IncrementalListView.Sample\IncrementalListView.Sample\IncrementalListView.Sample.csproj", "{D3FB8DCF-F5A3-4C18-A7D2-5EA5ABEB9D7F}"
EndProject
Project("{FAE04EC0-301F-11D3-BF4B-00C04F79EFBC}") = "XF.IncrementalListView", "XF.IncrementalListView\XF.IncrementalListView.csproj", "{7382DA72-822E-4E06-9DB9-610E29ED8772}"
EndProject
Global
	GlobalSection(SolutionConfigurationPlatforms) = preSolution
		Ad-Hoc|Any CPU = Ad-Hoc|Any CPU
		Ad-Hoc|ARM = Ad-Hoc|ARM
		Ad-Hoc|iPhone = Ad-Hoc|iPhone
		Ad-Hoc|iPhoneSimulator = Ad-Hoc|iPhoneSimulator
		Ad-Hoc|x64 = Ad-Hoc|x64
		Ad-Hoc|x86 = Ad-Hoc|x86
		AppStore|Any CPU = AppStore|Any CPU
		AppStore|ARM = AppStore|ARM
		AppStore|iPhone = AppStore|iPhone
		AppStore|iPhoneSimulator = AppStore|iPhoneSimulator
		AppStore|x64 = AppStore|x64
		AppStore|x86 = AppStore|x86
		Debug|Any CPU = Debug|Any CPU
		Debug|ARM = Debug|ARM
		Debug|iPhone = Debug|iPhone
		Debug|iPhoneSimulator = Debug|iPhoneSimulator
		Debug|x64 = Debug|x64
		Debug|x86 = Debug|x86
		Release|Any CPU = Release|Any CPU
		Release|ARM = Release|ARM
		Release|iPhone = Release|iPhone
		Release|iPhoneSimulator = Release|iPhoneSimulator
		Release|x64 = Release|x64
		Release|x86 = Release|x86
	EndGlobalSection
	GlobalSection(ProjectConfigurationPlatforms) = postSolution
		{369E38E6-65AE-4D3D-9320-CF4F6A3755B2}.Ad-Hoc|Any CPU.ActiveCfg = Release|Any CPU
		{369E38E6-65AE-4D3D-9320-CF4F6A3755B2}.Ad-Hoc|Any CPU.Build.0 = Release|Any CPU
		{369E38E6-65AE-4D3D-9320-CF4F6A3755B2}.Ad-Hoc|Any CPU.Deploy.0 = Release|Any CPU
		{369E38E6-65AE-4D3D-9320-CF4F6A3755B2}.Ad-Hoc|ARM.ActiveCfg = Release|Any CPU
		{369E38E6-65AE-4D3D-9320-CF4F6A3755B2}.Ad-Hoc|ARM.Build.0 = Release|Any CPU
		{369E38E6-65AE-4D3D-9320-CF4F6A3755B2}.Ad-Hoc|ARM.Deploy.0 = Release|Any CPU
		{369E38E6-65AE-4D3D-9320-CF4F6A3755B2}.Ad-Hoc|iPhone.ActiveCfg = Release|Any CPU
		{369E38E6-65AE-4D3D-9320-CF4F6A3755B2}.Ad-Hoc|iPhone.Build.0 = Release|Any CPU
		{369E38E6-65AE-4D3D-9320-CF4F6A3755B2}.Ad-Hoc|iPhone.Deploy.0 = Release|Any CPU
		{369E38E6-65AE-4D3D-9320-CF4F6A3755B2}.Ad-Hoc|iPhoneSimulator.ActiveCfg = Release|Any CPU
		{369E38E6-65AE-4D3D-9320-CF4F6A3755B2}.Ad-Hoc|iPhoneSimulator.Build.0 = Release|Any CPU
		{369E38E6-65AE-4D3D-9320-CF4F6A3755B2}.Ad-Hoc|iPhoneSimulator.Deploy.0 = Release|Any CPU
		{369E38E6-65AE-4D3D-9320-CF4F6A3755B2}.Ad-Hoc|x64.ActiveCfg = Release|Any CPU
		{369E38E6-65AE-4D3D-9320-CF4F6A3755B2}.Ad-Hoc|x64.Build.0 = Release|Any CPU
		{369E38E6-65AE-4D3D-9320-CF4F6A3755B2}.Ad-Hoc|x64.Deploy.0 = Release|Any CPU
		{369E38E6-65AE-4D3D-9320-CF4F6A3755B2}.Ad-Hoc|x86.ActiveCfg = Release|Any CPU
		{369E38E6-65AE-4D3D-9320-CF4F6A3755B2}.Ad-Hoc|x86.Build.0 = Release|Any CPU
		{369E38E6-65AE-4D3D-9320-CF4F6A3755B2}.Ad-Hoc|x86.Deploy.0 = Release|Any CPU
		{369E38E6-65AE-4D3D-9320-CF4F6A3755B2}.AppStore|Any CPU.ActiveCfg = Release|Any CPU
		{369E38E6-65AE-4D3D-9320-CF4F6A3755B2}.AppStore|Any CPU.Build.0 = Release|Any CPU
		{369E38E6-65AE-4D3D-9320-CF4F6A3755B2}.AppStore|Any CPU.Deploy.0 = Release|Any CPU
		{369E38E6-65AE-4D3D-9320-CF4F6A3755B2}.AppStore|ARM.ActiveCfg = Release|Any CPU
		{369E38E6-65AE-4D3D-9320-CF4F6A3755B2}.AppStore|ARM.Build.0 = Release|Any CPU
		{369E38E6-65AE-4D3D-9320-CF4F6A3755B2}.AppStore|ARM.Deploy.0 = Release|Any CPU
		{369E38E6-65AE-4D3D-9320-CF4F6A3755B2}.AppStore|iPhone.ActiveCfg = Release|Any CPU
		{369E38E6-65AE-4D3D-9320-CF4F6A3755B2}.AppStore|iPhone.Build.0 = Release|Any CPU
		{369E38E6-65AE-4D3D-9320-CF4F6A3755B2}.AppStore|iPhone.Deploy.0 = Release|Any CPU
		{369E38E6-65AE-4D3D-9320-CF4F6A3755B2}.AppStore|iPhoneSimulator.ActiveCfg = Release|Any CPU
		{369E38E6-65AE-4D3D-9320-CF4F6A3755B2}.AppStore|iPhoneSimulator.Build.0 = Release|Any CPU
		{369E38E6-65AE-4D3D-9320-CF4F6A3755B2}.AppStore|iPhoneSimulator.Deploy.0 = Release|Any CPU
		{369E38E6-65AE-4D3D-9320-CF4F6A3755B2}.AppStore|x64.ActiveCfg = Release|Any CPU
		{369E38E6-65AE-4D3D-9320-CF4F6A3755B2}.AppStore|x64.Build.0 = Release|Any CPU
		{369E38E6-65AE-4D3D-9320-CF4F6A3755B2}.AppStore|x64.Deploy.0 = Release|Any CPU
		{369E38E6-65AE-4D3D-9320-CF4F6A3755B2}.AppStore|x86.ActiveCfg = Release|Any CPU
		{369E38E6-65AE-4D3D-9320-CF4F6A3755B2}.AppStore|x86.Build.0 = Release|Any CPU
		{369E38E6-65AE-4D3D-9320-CF4F6A3755B2}.AppStore|x86.Deploy.0 = Release|Any CPU
		{369E38E6-65AE-4D3D-9320-CF4F6A3755B2}.Debug|Any CPU.ActiveCfg = Debug|Any CPU
		{369E38E6-65AE-4D3D-9320-CF4F6A3755B2}.Debug|Any CPU.Build.0 = Debug|Any CPU
		{369E38E6-65AE-4D3D-9320-CF4F6A3755B2}.Debug|Any CPU.Deploy.0 = Debug|Any CPU
		{369E38E6-65AE-4D3D-9320-CF4F6A3755B2}.Debug|ARM.ActiveCfg = Debug|Any CPU
		{369E38E6-65AE-4D3D-9320-CF4F6A3755B2}.Debug|ARM.Build.0 = Debug|Any CPU
		{369E38E6-65AE-4D3D-9320-CF4F6A3755B2}.Debug|ARM.Deploy.0 = Debug|Any CPU
		{369E38E6-65AE-4D3D-9320-CF4F6A3755B2}.Debug|iPhone.ActiveCfg = Debug|Any CPU
		{369E38E6-65AE-4D3D-9320-CF4F6A3755B2}.Debug|iPhone.Build.0 = Debug|Any CPU
		{369E38E6-65AE-4D3D-9320-CF4F6A3755B2}.Debug|iPhone.Deploy.0 = Debug|Any CPU
		{369E38E6-65AE-4D3D-9320-CF4F6A3755B2}.Debug|iPhoneSimulator.ActiveCfg = Debug|Any CPU
		{369E38E6-65AE-4D3D-9320-CF4F6A3755B2}.Debug|iPhoneSimulator.Build.0 = Debug|Any CPU
		{369E38E6-65AE-4D3D-9320-CF4F6A3755B2}.Debug|iPhoneSimulator.Deploy.0 = Debug|Any CPU
		{369E38E6-65AE-4D3D-9320-CF4F6A3755B2}.Debug|x64.ActiveCfg = Debug|Any CPU
		{369E38E6-65AE-4D3D-9320-CF4F6A3755B2}.Debug|x64.Build.0 = Debug|Any CPU
		{369E38E6-65AE-4D3D-9320-CF4F6A3755B2}.Debug|x64.Deploy.0 = Debug|Any CPU
		{369E38E6-65AE-4D3D-9320-CF4F6A3755B2}.Debug|x86.ActiveCfg = Debug|Any CPU
		{369E38E6-65AE-4D3D-9320-CF4F6A3755B2}.Debug|x86.Build.0 = Debug|Any CPU
		{369E38E6-65AE-4D3D-9320-CF4F6A3755B2}.Debug|x86.Deploy.0 = Debug|Any CPU
		{369E38E6-65AE-4D3D-9320-CF4F6A3755B2}.Release|Any CPU.ActiveCfg = Release|Any CPU
		{369E38E6-65AE-4D3D-9320-CF4F6A3755B2}.Release|Any CPU.Build.0 = Release|Any CPU
		{369E38E6-65AE-4D3D-9320-CF4F6A3755B2}.Release|Any CPU.Deploy.0 = Release|Any CPU
		{369E38E6-65AE-4D3D-9320-CF4F6A3755B2}.Release|ARM.ActiveCfg = Release|Any CPU
		{369E38E6-65AE-4D3D-9320-CF4F6A3755B2}.Release|ARM.Build.0 = Release|Any CPU
		{369E38E6-65AE-4D3D-9320-CF4F6A3755B2}.Release|ARM.Deploy.0 = Release|Any CPU
		{369E38E6-65AE-4D3D-9320-CF4F6A3755B2}.Release|iPhone.ActiveCfg = Release|Any CPU
		{369E38E6-65AE-4D3D-9320-CF4F6A3755B2}.Release|iPhone.Build.0 = Release|Any CPU
		{369E38E6-65AE-4D3D-9320-CF4F6A3755B2}.Release|iPhone.Deploy.0 = Release|Any CPU
		{369E38E6-65AE-4D3D-9320-CF4F6A3755B2}.Release|iPhoneSimulator.ActiveCfg = Release|Any CPU
		{369E38E6-65AE-4D3D-9320-CF4F6A3755B2}.Release|iPhoneSimulator.Build.0 = Release|Any CPU
		{369E38E6-65AE-4D3D-9320-CF4F6A3755B2}.Release|iPhoneSimulator.Deploy.0 = Release|Any CPU
		{369E38E6-65AE-4D3D-9320-CF4F6A3755B2}.Release|x64.ActiveCfg = Release|Any CPU
		{369E38E6-65AE-4D3D-9320-CF4F6A3755B2}.Release|x64.Build.0 = Release|Any CPU
		{369E38E6-65AE-4D3D-9320-CF4F6A3755B2}.Release|x64.Deploy.0 = Release|Any CPU
		{369E38E6-65AE-4D3D-9320-CF4F6A3755B2}.Release|x86.ActiveCfg = Release|Any CPU
		{369E38E6-65AE-4D3D-9320-CF4F6A3755B2}.Release|x86.Build.0 = Release|Any CPU
		{369E38E6-65AE-4D3D-9320-CF4F6A3755B2}.Release|x86.Deploy.0 = Release|Any CPU
		{89CCE6E5-8A10-423B-A00E-BF94EC22E8D3}.Ad-Hoc|Any CPU.ActiveCfg = Ad-Hoc|iPhone
		{89CCE6E5-8A10-423B-A00E-BF94EC22E8D3}.Ad-Hoc|Any CPU.Build.0 = Ad-Hoc|iPhone
		{89CCE6E5-8A10-423B-A00E-BF94EC22E8D3}.Ad-Hoc|Any CPU.Deploy.0 = Ad-Hoc|iPhone
		{89CCE6E5-8A10-423B-A00E-BF94EC22E8D3}.Ad-Hoc|ARM.ActiveCfg = Ad-Hoc|iPhone
		{89CCE6E5-8A10-423B-A00E-BF94EC22E8D3}.Ad-Hoc|ARM.Build.0 = Ad-Hoc|iPhone
		{89CCE6E5-8A10-423B-A00E-BF94EC22E8D3}.Ad-Hoc|ARM.Deploy.0 = Ad-Hoc|iPhone
		{89CCE6E5-8A10-423B-A00E-BF94EC22E8D3}.Ad-Hoc|iPhone.ActiveCfg = Ad-Hoc|iPhone
		{89CCE6E5-8A10-423B-A00E-BF94EC22E8D3}.Ad-Hoc|iPhone.Build.0 = Ad-Hoc|iPhone
		{89CCE6E5-8A10-423B-A00E-BF94EC22E8D3}.Ad-Hoc|iPhone.Deploy.0 = Ad-Hoc|iPhone
		{89CCE6E5-8A10-423B-A00E-BF94EC22E8D3}.Ad-Hoc|iPhoneSimulator.ActiveCfg = Ad-Hoc|iPhoneSimulator
		{89CCE6E5-8A10-423B-A00E-BF94EC22E8D3}.Ad-Hoc|iPhoneSimulator.Build.0 = Ad-Hoc|iPhoneSimulator
		{89CCE6E5-8A10-423B-A00E-BF94EC22E8D3}.Ad-Hoc|iPhoneSimulator.Deploy.0 = Ad-Hoc|iPhoneSimulator
		{89CCE6E5-8A10-423B-A00E-BF94EC22E8D3}.Ad-Hoc|x64.ActiveCfg = Ad-Hoc|iPhone
		{89CCE6E5-8A10-423B-A00E-BF94EC22E8D3}.Ad-Hoc|x64.Build.0 = Ad-Hoc|iPhone
		{89CCE6E5-8A10-423B-A00E-BF94EC22E8D3}.Ad-Hoc|x64.Deploy.0 = Ad-Hoc|iPhone
		{89CCE6E5-8A10-423B-A00E-BF94EC22E8D3}.Ad-Hoc|x86.ActiveCfg = Ad-Hoc|iPhone
		{89CCE6E5-8A10-423B-A00E-BF94EC22E8D3}.Ad-Hoc|x86.Build.0 = Ad-Hoc|iPhone
		{89CCE6E5-8A10-423B-A00E-BF94EC22E8D3}.Ad-Hoc|x86.Deploy.0 = Ad-Hoc|iPhone
		{89CCE6E5-8A10-423B-A00E-BF94EC22E8D3}.AppStore|Any CPU.ActiveCfg = AppStore|iPhone
		{89CCE6E5-8A10-423B-A00E-BF94EC22E8D3}.AppStore|Any CPU.Build.0 = AppStore|iPhone
		{89CCE6E5-8A10-423B-A00E-BF94EC22E8D3}.AppStore|Any CPU.Deploy.0 = AppStore|iPhone
		{89CCE6E5-8A10-423B-A00E-BF94EC22E8D3}.AppStore|ARM.ActiveCfg = AppStore|iPhone
		{89CCE6E5-8A10-423B-A00E-BF94EC22E8D3}.AppStore|ARM.Build.0 = AppStore|iPhone
		{89CCE6E5-8A10-423B-A00E-BF94EC22E8D3}.AppStore|ARM.Deploy.0 = AppStore|iPhone
		{89CCE6E5-8A10-423B-A00E-BF94EC22E8D3}.AppStore|iPhone.ActiveCfg = AppStore|iPhone
		{89CCE6E5-8A10-423B-A00E-BF94EC22E8D3}.AppStore|iPhone.Build.0 = AppStore|iPhone
		{89CCE6E5-8A10-423B-A00E-BF94EC22E8D3}.AppStore|iPhone.Deploy.0 = AppStore|iPhone
		{89CCE6E5-8A10-423B-A00E-BF94EC22E8D3}.AppStore|iPhoneSimulator.ActiveCfg = AppStore|iPhoneSimulator
		{89CCE6E5-8A10-423B-A00E-BF94EC22E8D3}.AppStore|iPhoneSimulator.Build.0 = AppStore|iPhoneSimulator
		{89CCE6E5-8A10-423B-A00E-BF94EC22E8D3}.AppStore|iPhoneSimulator.Deploy.0 = AppStore|iPhoneSimulator
		{89CCE6E5-8A10-423B-A00E-BF94EC22E8D3}.AppStore|x64.ActiveCfg = AppStore|iPhone
		{89CCE6E5-8A10-423B-A00E-BF94EC22E8D3}.AppStore|x64.Build.0 = AppStore|iPhone
		{89CCE6E5-8A10-423B-A00E-BF94EC22E8D3}.AppStore|x64.Deploy.0 = AppStore|iPhone
		{89CCE6E5-8A10-423B-A00E-BF94EC22E8D3}.AppStore|x86.ActiveCfg = AppStore|iPhone
		{89CCE6E5-8A10-423B-A00E-BF94EC22E8D3}.AppStore|x86.Build.0 = AppStore|iPhone
		{89CCE6E5-8A10-423B-A00E-BF94EC22E8D3}.AppStore|x86.Deploy.0 = AppStore|iPhone
		{89CCE6E5-8A10-423B-A00E-BF94EC22E8D3}.Debug|Any CPU.ActiveCfg = Debug|iPhoneSimulator
		{89CCE6E5-8A10-423B-A00E-BF94EC22E8D3}.Debug|Any CPU.Build.0 = Debug|iPhoneSimulator
		{89CCE6E5-8A10-423B-A00E-BF94EC22E8D3}.Debug|Any CPU.Deploy.0 = Debug|iPhoneSimulator
		{89CCE6E5-8A10-423B-A00E-BF94EC22E8D3}.Debug|ARM.ActiveCfg = Debug|iPhone
		{89CCE6E5-8A10-423B-A00E-BF94EC22E8D3}.Debug|ARM.Build.0 = Debug|iPhone
		{89CCE6E5-8A10-423B-A00E-BF94EC22E8D3}.Debug|ARM.Deploy.0 = Debug|iPhone
		{89CCE6E5-8A10-423B-A00E-BF94EC22E8D3}.Debug|iPhone.ActiveCfg = Debug|iPhone
		{89CCE6E5-8A10-423B-A00E-BF94EC22E8D3}.Debug|iPhone.Build.0 = Debug|iPhone
		{89CCE6E5-8A10-423B-A00E-BF94EC22E8D3}.Debug|iPhone.Deploy.0 = Debug|iPhone
		{89CCE6E5-8A10-423B-A00E-BF94EC22E8D3}.Debug|iPhoneSimulator.ActiveCfg = Debug|iPhoneSimulator
		{89CCE6E5-8A10-423B-A00E-BF94EC22E8D3}.Debug|iPhoneSimulator.Build.0 = Debug|iPhoneSimulator
		{89CCE6E5-8A10-423B-A00E-BF94EC22E8D3}.Debug|iPhoneSimulator.Deploy.0 = Debug|iPhoneSimulator
		{89CCE6E5-8A10-423B-A00E-BF94EC22E8D3}.Debug|x64.ActiveCfg = Debug|iPhone
		{89CCE6E5-8A10-423B-A00E-BF94EC22E8D3}.Debug|x64.Build.0 = Debug|iPhone
		{89CCE6E5-8A10-423B-A00E-BF94EC22E8D3}.Debug|x64.Deploy.0 = Debug|iPhone
		{89CCE6E5-8A10-423B-A00E-BF94EC22E8D3}.Debug|x86.ActiveCfg = Debug|iPhone
		{89CCE6E5-8A10-423B-A00E-BF94EC22E8D3}.Debug|x86.Build.0 = Debug|iPhone
		{89CCE6E5-8A10-423B-A00E-BF94EC22E8D3}.Debug|x86.Deploy.0 = Debug|iPhone
		{89CCE6E5-8A10-423B-A00E-BF94EC22E8D3}.Release|Any CPU.ActiveCfg = Release|iPhone
		{89CCE6E5-8A10-423B-A00E-BF94EC22E8D3}.Release|Any CPU.Build.0 = Release|iPhone
		{89CCE6E5-8A10-423B-A00E-BF94EC22E8D3}.Release|Any CPU.Deploy.0 = Release|iPhone
		{89CCE6E5-8A10-423B-A00E-BF94EC22E8D3}.Release|ARM.ActiveCfg = Release|iPhone
		{89CCE6E5-8A10-423B-A00E-BF94EC22E8D3}.Release|ARM.Build.0 = Release|iPhone
		{89CCE6E5-8A10-423B-A00E-BF94EC22E8D3}.Release|ARM.Deploy.0 = Release|iPhone
		{89CCE6E5-8A10-423B-A00E-BF94EC22E8D3}.Release|iPhone.ActiveCfg = Release|iPhone
		{89CCE6E5-8A10-423B-A00E-BF94EC22E8D3}.Release|iPhone.Build.0 = Release|iPhone
		{89CCE6E5-8A10-423B-A00E-BF94EC22E8D3}.Release|iPhone.Deploy.0 = Release|iPhone
		{89CCE6E5-8A10-423B-A00E-BF94EC22E8D3}.Release|iPhoneSimulator.ActiveCfg = Release|iPhoneSimulator
		{89CCE6E5-8A10-423B-A00E-BF94EC22E8D3}.Release|iPhoneSimulator.Build.0 = Release|iPhoneSimulator
		{89CCE6E5-8A10-423B-A00E-BF94EC22E8D3}.Release|iPhoneSimulator.Deploy.0 = Release|iPhoneSimulator
		{89CCE6E5-8A10-423B-A00E-BF94EC22E8D3}.Release|x64.ActiveCfg = Release|iPhone
		{89CCE6E5-8A10-423B-A00E-BF94EC22E8D3}.Release|x64.Build.0 = Release|iPhone
		{89CCE6E5-8A10-423B-A00E-BF94EC22E8D3}.Release|x64.Deploy.0 = Release|iPhone
		{89CCE6E5-8A10-423B-A00E-BF94EC22E8D3}.Release|x86.ActiveCfg = Release|iPhone
		{89CCE6E5-8A10-423B-A00E-BF94EC22E8D3}.Release|x86.Build.0 = Release|iPhone
		{89CCE6E5-8A10-423B-A00E-BF94EC22E8D3}.Release|x86.Deploy.0 = Release|iPhone
		{8574EFE8-178E-4206-8ADD-469ECC1B0559}.Ad-Hoc|Any CPU.ActiveCfg = Release|x86
		{8574EFE8-178E-4206-8ADD-469ECC1B0559}.Ad-Hoc|Any CPU.Build.0 = Release|x86
		{8574EFE8-178E-4206-8ADD-469ECC1B0559}.Ad-Hoc|Any CPU.Deploy.0 = Release|x86
		{8574EFE8-178E-4206-8ADD-469ECC1B0559}.Ad-Hoc|ARM.ActiveCfg = Release|ARM
		{8574EFE8-178E-4206-8ADD-469ECC1B0559}.Ad-Hoc|ARM.Build.0 = Release|ARM
		{8574EFE8-178E-4206-8ADD-469ECC1B0559}.Ad-Hoc|ARM.Deploy.0 = Release|ARM
		{8574EFE8-178E-4206-8ADD-469ECC1B0559}.Ad-Hoc|iPhone.ActiveCfg = Release|x86
		{8574EFE8-178E-4206-8ADD-469ECC1B0559}.Ad-Hoc|iPhone.Build.0 = Release|x86
		{8574EFE8-178E-4206-8ADD-469ECC1B0559}.Ad-Hoc|iPhone.Deploy.0 = Release|x86
		{8574EFE8-178E-4206-8ADD-469ECC1B0559}.Ad-Hoc|iPhoneSimulator.ActiveCfg = Release|x86
		{8574EFE8-178E-4206-8ADD-469ECC1B0559}.Ad-Hoc|iPhoneSimulator.Build.0 = Release|x86
		{8574EFE8-178E-4206-8ADD-469ECC1B0559}.Ad-Hoc|iPhoneSimulator.Deploy.0 = Release|x86
		{8574EFE8-178E-4206-8ADD-469ECC1B0559}.Ad-Hoc|x64.ActiveCfg = Release|x64
		{8574EFE8-178E-4206-8ADD-469ECC1B0559}.Ad-Hoc|x64.Build.0 = Release|x64
		{8574EFE8-178E-4206-8ADD-469ECC1B0559}.Ad-Hoc|x64.Deploy.0 = Release|x64
		{8574EFE8-178E-4206-8ADD-469ECC1B0559}.Ad-Hoc|x86.ActiveCfg = Release|x86
		{8574EFE8-178E-4206-8ADD-469ECC1B0559}.Ad-Hoc|x86.Build.0 = Release|x86
		{8574EFE8-178E-4206-8ADD-469ECC1B0559}.Ad-Hoc|x86.Deploy.0 = Release|x86
		{8574EFE8-178E-4206-8ADD-469ECC1B0559}.AppStore|Any CPU.ActiveCfg = Release|x86
		{8574EFE8-178E-4206-8ADD-469ECC1B0559}.AppStore|Any CPU.Build.0 = Release|x86
		{8574EFE8-178E-4206-8ADD-469ECC1B0559}.AppStore|Any CPU.Deploy.0 = Release|x86
		{8574EFE8-178E-4206-8ADD-469ECC1B0559}.AppStore|ARM.ActiveCfg = Release|ARM
		{8574EFE8-178E-4206-8ADD-469ECC1B0559}.AppStore|ARM.Build.0 = Release|ARM
		{8574EFE8-178E-4206-8ADD-469ECC1B0559}.AppStore|ARM.Deploy.0 = Release|ARM
		{8574EFE8-178E-4206-8ADD-469ECC1B0559}.AppStore|iPhone.ActiveCfg = Release|x86
		{8574EFE8-178E-4206-8ADD-469ECC1B0559}.AppStore|iPhone.Build.0 = Release|x86
		{8574EFE8-178E-4206-8ADD-469ECC1B0559}.AppStore|iPhone.Deploy.0 = Release|x86
		{8574EFE8-178E-4206-8ADD-469ECC1B0559}.AppStore|iPhoneSimulator.ActiveCfg = Release|x86
		{8574EFE8-178E-4206-8ADD-469ECC1B0559}.AppStore|iPhoneSimulator.Build.0 = Release|x86
		{8574EFE8-178E-4206-8ADD-469ECC1B0559}.AppStore|iPhoneSimulator.Deploy.0 = Release|x86
		{8574EFE8-178E-4206-8ADD-469ECC1B0559}.AppStore|x64.ActiveCfg = Release|x64
		{8574EFE8-178E-4206-8ADD-469ECC1B0559}.AppStore|x64.Build.0 = Release|x64
		{8574EFE8-178E-4206-8ADD-469ECC1B0559}.AppStore|x64.Deploy.0 = Release|x64
		{8574EFE8-178E-4206-8ADD-469ECC1B0559}.AppStore|x86.ActiveCfg = Release|x86
		{8574EFE8-178E-4206-8ADD-469ECC1B0559}.AppStore|x86.Build.0 = Release|x86
		{8574EFE8-178E-4206-8ADD-469ECC1B0559}.AppStore|x86.Deploy.0 = Release|x86
		{8574EFE8-178E-4206-8ADD-469ECC1B0559}.Debug|Any CPU.ActiveCfg = Debug|x86
		{8574EFE8-178E-4206-8ADD-469ECC1B0559}.Debug|Any CPU.Build.0 = Debug|x86
		{8574EFE8-178E-4206-8ADD-469ECC1B0559}.Debug|Any CPU.Deploy.0 = Debug|x86
		{8574EFE8-178E-4206-8ADD-469ECC1B0559}.Debug|ARM.ActiveCfg = Debug|ARM
		{8574EFE8-178E-4206-8ADD-469ECC1B0559}.Debug|ARM.Build.0 = Debug|ARM
		{8574EFE8-178E-4206-8ADD-469ECC1B0559}.Debug|ARM.Deploy.0 = Debug|ARM
		{8574EFE8-178E-4206-8ADD-469ECC1B0559}.Debug|iPhone.ActiveCfg = Debug|x86
		{8574EFE8-178E-4206-8ADD-469ECC1B0559}.Debug|iPhone.Build.0 = Debug|x86
		{8574EFE8-178E-4206-8ADD-469ECC1B0559}.Debug|iPhone.Deploy.0 = Debug|x86
		{8574EFE8-178E-4206-8ADD-469ECC1B0559}.Debug|iPhoneSimulator.ActiveCfg = Debug|x86
		{8574EFE8-178E-4206-8ADD-469ECC1B0559}.Debug|iPhoneSimulator.Build.0 = Debug|x86
		{8574EFE8-178E-4206-8ADD-469ECC1B0559}.Debug|iPhoneSimulator.Deploy.0 = Debug|x86
		{8574EFE8-178E-4206-8ADD-469ECC1B0559}.Debug|x64.ActiveCfg = Debug|x64
		{8574EFE8-178E-4206-8ADD-469ECC1B0559}.Debug|x64.Build.0 = Debug|x64
		{8574EFE8-178E-4206-8ADD-469ECC1B0559}.Debug|x64.Deploy.0 = Debug|x64
		{8574EFE8-178E-4206-8ADD-469ECC1B0559}.Debug|x86.ActiveCfg = Debug|x86
		{8574EFE8-178E-4206-8ADD-469ECC1B0559}.Debug|x86.Build.0 = Debug|x86
		{8574EFE8-178E-4206-8ADD-469ECC1B0559}.Debug|x86.Deploy.0 = Debug|x86
		{8574EFE8-178E-4206-8ADD-469ECC1B0559}.Release|Any CPU.ActiveCfg = Release|x86
		{8574EFE8-178E-4206-8ADD-469ECC1B0559}.Release|Any CPU.Build.0 = Release|x86
		{8574EFE8-178E-4206-8ADD-469ECC1B0559}.Release|Any CPU.Deploy.0 = Release|x86
		{8574EFE8-178E-4206-8ADD-469ECC1B0559}.Release|ARM.ActiveCfg = Release|ARM
		{8574EFE8-178E-4206-8ADD-469ECC1B0559}.Release|ARM.Build.0 = Release|ARM
		{8574EFE8-178E-4206-8ADD-469ECC1B0559}.Release|ARM.Deploy.0 = Release|ARM
		{8574EFE8-178E-4206-8ADD-469ECC1B0559}.Release|iPhone.ActiveCfg = Release|x86
		{8574EFE8-178E-4206-8ADD-469ECC1B0559}.Release|iPhone.Build.0 = Release|x86
		{8574EFE8-178E-4206-8ADD-469ECC1B0559}.Release|iPhone.Deploy.0 = Release|x86
		{8574EFE8-178E-4206-8ADD-469ECC1B0559}.Release|iPhoneSimulator.ActiveCfg = Release|x86
		{8574EFE8-178E-4206-8ADD-469ECC1B0559}.Release|iPhoneSimulator.Build.0 = Release|x86
		{8574EFE8-178E-4206-8ADD-469ECC1B0559}.Release|iPhoneSimulator.Deploy.0 = Release|x86
		{8574EFE8-178E-4206-8ADD-469ECC1B0559}.Release|x64.ActiveCfg = Release|x64
		{8574EFE8-178E-4206-8ADD-469ECC1B0559}.Release|x64.Build.0 = Release|x64
		{8574EFE8-178E-4206-8ADD-469ECC1B0559}.Release|x64.Deploy.0 = Release|x64
		{8574EFE8-178E-4206-8ADD-469ECC1B0559}.Release|x86.ActiveCfg = Release|x86
		{8574EFE8-178E-4206-8ADD-469ECC1B0559}.Release|x86.Build.0 = Release|x86
		{8574EFE8-178E-4206-8ADD-469ECC1B0559}.Release|x86.Deploy.0 = Release|x86
		{D3FB8DCF-F5A3-4C18-A7D2-5EA5ABEB9D7F}.Ad-Hoc|Any CPU.ActiveCfg = Debug|Any CPU
		{D3FB8DCF-F5A3-4C18-A7D2-5EA5ABEB9D7F}.Ad-Hoc|Any CPU.Build.0 = Debug|Any CPU
		{D3FB8DCF-F5A3-4C18-A7D2-5EA5ABEB9D7F}.Ad-Hoc|Any CPU.Deploy.0 = Debug|Any CPU
		{D3FB8DCF-F5A3-4C18-A7D2-5EA5ABEB9D7F}.Ad-Hoc|ARM.ActiveCfg = Debug|Any CPU
		{D3FB8DCF-F5A3-4C18-A7D2-5EA5ABEB9D7F}.Ad-Hoc|ARM.Build.0 = Debug|Any CPU
		{D3FB8DCF-F5A3-4C18-A7D2-5EA5ABEB9D7F}.Ad-Hoc|ARM.Deploy.0 = Debug|Any CPU
		{D3FB8DCF-F5A3-4C18-A7D2-5EA5ABEB9D7F}.Ad-Hoc|iPhone.ActiveCfg = Debug|Any CPU
		{D3FB8DCF-F5A3-4C18-A7D2-5EA5ABEB9D7F}.Ad-Hoc|iPhone.Build.0 = Debug|Any CPU
		{D3FB8DCF-F5A3-4C18-A7D2-5EA5ABEB9D7F}.Ad-Hoc|iPhone.Deploy.0 = Debug|Any CPU
		{D3FB8DCF-F5A3-4C18-A7D2-5EA5ABEB9D7F}.Ad-Hoc|iPhoneSimulator.ActiveCfg = Debug|Any CPU
		{D3FB8DCF-F5A3-4C18-A7D2-5EA5ABEB9D7F}.Ad-Hoc|iPhoneSimulator.Build.0 = Debug|Any CPU
		{D3FB8DCF-F5A3-4C18-A7D2-5EA5ABEB9D7F}.Ad-Hoc|iPhoneSimulator.Deploy.0 = Debug|Any CPU
		{D3FB8DCF-F5A3-4C18-A7D2-5EA5ABEB9D7F}.Ad-Hoc|x64.ActiveCfg = Debug|Any CPU
		{D3FB8DCF-F5A3-4C18-A7D2-5EA5ABEB9D7F}.Ad-Hoc|x64.Build.0 = Debug|Any CPU
		{D3FB8DCF-F5A3-4C18-A7D2-5EA5ABEB9D7F}.Ad-Hoc|x64.Deploy.0 = Debug|Any CPU
		{D3FB8DCF-F5A3-4C18-A7D2-5EA5ABEB9D7F}.Ad-Hoc|x86.ActiveCfg = Debug|Any CPU
		{D3FB8DCF-F5A3-4C18-A7D2-5EA5ABEB9D7F}.Ad-Hoc|x86.Build.0 = Debug|Any CPU
		{D3FB8DCF-F5A3-4C18-A7D2-5EA5ABEB9D7F}.Ad-Hoc|x86.Deploy.0 = Debug|Any CPU
		{D3FB8DCF-F5A3-4C18-A7D2-5EA5ABEB9D7F}.AppStore|Any CPU.ActiveCfg = Debug|Any CPU
		{D3FB8DCF-F5A3-4C18-A7D2-5EA5ABEB9D7F}.AppStore|Any CPU.Build.0 = Debug|Any CPU
		{D3FB8DCF-F5A3-4C18-A7D2-5EA5ABEB9D7F}.AppStore|Any CPU.Deploy.0 = Debug|Any CPU
		{D3FB8DCF-F5A3-4C18-A7D2-5EA5ABEB9D7F}.AppStore|ARM.ActiveCfg = Debug|Any CPU
		{D3FB8DCF-F5A3-4C18-A7D2-5EA5ABEB9D7F}.AppStore|ARM.Build.0 = Debug|Any CPU
		{D3FB8DCF-F5A3-4C18-A7D2-5EA5ABEB9D7F}.AppStore|ARM.Deploy.0 = Debug|Any CPU
		{D3FB8DCF-F5A3-4C18-A7D2-5EA5ABEB9D7F}.AppStore|iPhone.ActiveCfg = Debug|Any CPU
		{D3FB8DCF-F5A3-4C18-A7D2-5EA5ABEB9D7F}.AppStore|iPhone.Build.0 = Debug|Any CPU
		{D3FB8DCF-F5A3-4C18-A7D2-5EA5ABEB9D7F}.AppStore|iPhone.Deploy.0 = Debug|Any CPU
		{D3FB8DCF-F5A3-4C18-A7D2-5EA5ABEB9D7F}.AppStore|iPhoneSimulator.ActiveCfg = Debug|Any CPU
		{D3FB8DCF-F5A3-4C18-A7D2-5EA5ABEB9D7F}.AppStore|iPhoneSimulator.Build.0 = Debug|Any CPU
		{D3FB8DCF-F5A3-4C18-A7D2-5EA5ABEB9D7F}.AppStore|iPhoneSimulator.Deploy.0 = Debug|Any CPU
		{D3FB8DCF-F5A3-4C18-A7D2-5EA5ABEB9D7F}.AppStore|x64.ActiveCfg = Debug|Any CPU
		{D3FB8DCF-F5A3-4C18-A7D2-5EA5ABEB9D7F}.AppStore|x64.Build.0 = Debug|Any CPU
		{D3FB8DCF-F5A3-4C18-A7D2-5EA5ABEB9D7F}.AppStore|x64.Deploy.0 = Debug|Any CPU
		{D3FB8DCF-F5A3-4C18-A7D2-5EA5ABEB9D7F}.AppStore|x86.ActiveCfg = Debug|Any CPU
		{D3FB8DCF-F5A3-4C18-A7D2-5EA5ABEB9D7F}.AppStore|x86.Build.0 = Debug|Any CPU
		{D3FB8DCF-F5A3-4C18-A7D2-5EA5ABEB9D7F}.AppStore|x86.Deploy.0 = Debug|Any CPU
		{D3FB8DCF-F5A3-4C18-A7D2-5EA5ABEB9D7F}.Debug|Any CPU.ActiveCfg = Debug|Any CPU
		{D3FB8DCF-F5A3-4C18-A7D2-5EA5ABEB9D7F}.Debug|Any CPU.Build.0 = Debug|Any CPU
		{D3FB8DCF-F5A3-4C18-A7D2-5EA5ABEB9D7F}.Debug|Any CPU.Deploy.0 = Debug|Any CPU
		{D3FB8DCF-F5A3-4C18-A7D2-5EA5ABEB9D7F}.Debug|ARM.ActiveCfg = Debug|Any CPU
		{D3FB8DCF-F5A3-4C18-A7D2-5EA5ABEB9D7F}.Debug|ARM.Build.0 = Debug|Any CPU
		{D3FB8DCF-F5A3-4C18-A7D2-5EA5ABEB9D7F}.Debug|ARM.Deploy.0 = Debug|Any CPU
		{D3FB8DCF-F5A3-4C18-A7D2-5EA5ABEB9D7F}.Debug|iPhone.ActiveCfg = Debug|Any CPU
		{D3FB8DCF-F5A3-4C18-A7D2-5EA5ABEB9D7F}.Debug|iPhone.Build.0 = Debug|Any CPU
		{D3FB8DCF-F5A3-4C18-A7D2-5EA5ABEB9D7F}.Debug|iPhone.Deploy.0 = Debug|Any CPU
		{D3FB8DCF-F5A3-4C18-A7D2-5EA5ABEB9D7F}.Debug|iPhoneSimulator.ActiveCfg = Debug|Any CPU
		{D3FB8DCF-F5A3-4C18-A7D2-5EA5ABEB9D7F}.Debug|iPhoneSimulator.Build.0 = Debug|Any CPU
		{D3FB8DCF-F5A3-4C18-A7D2-5EA5ABEB9D7F}.Debug|iPhoneSimulator.Deploy.0 = Debug|Any CPU
		{D3FB8DCF-F5A3-4C18-A7D2-5EA5ABEB9D7F}.Debug|x64.ActiveCfg = Debug|Any CPU
		{D3FB8DCF-F5A3-4C18-A7D2-5EA5ABEB9D7F}.Debug|x64.Build.0 = Debug|Any CPU
		{D3FB8DCF-F5A3-4C18-A7D2-5EA5ABEB9D7F}.Debug|x64.Deploy.0 = Debug|Any CPU
		{D3FB8DCF-F5A3-4C18-A7D2-5EA5ABEB9D7F}.Debug|x86.ActiveCfg = Debug|Any CPU
		{D3FB8DCF-F5A3-4C18-A7D2-5EA5ABEB9D7F}.Debug|x86.Build.0 = Debug|Any CPU
		{D3FB8DCF-F5A3-4C18-A7D2-5EA5ABEB9D7F}.Debug|x86.Deploy.0 = Debug|Any CPU
		{D3FB8DCF-F5A3-4C18-A7D2-5EA5ABEB9D7F}.Release|Any CPU.ActiveCfg = Release|Any CPU
		{D3FB8DCF-F5A3-4C18-A7D2-5EA5ABEB9D7F}.Release|Any CPU.Build.0 = Release|Any CPU
		{D3FB8DCF-F5A3-4C18-A7D2-5EA5ABEB9D7F}.Release|Any CPU.Deploy.0 = Release|Any CPU
		{D3FB8DCF-F5A3-4C18-A7D2-5EA5ABEB9D7F}.Release|ARM.ActiveCfg = Release|Any CPU
		{D3FB8DCF-F5A3-4C18-A7D2-5EA5ABEB9D7F}.Release|ARM.Build.0 = Release|Any CPU
		{D3FB8DCF-F5A3-4C18-A7D2-5EA5ABEB9D7F}.Release|ARM.Deploy.0 = Release|Any CPU
		{D3FB8DCF-F5A3-4C18-A7D2-5EA5ABEB9D7F}.Release|iPhone.ActiveCfg = Release|Any CPU
		{D3FB8DCF-F5A3-4C18-A7D2-5EA5ABEB9D7F}.Release|iPhone.Build.0 = Release|Any CPU
		{D3FB8DCF-F5A3-4C18-A7D2-5EA5ABEB9D7F}.Release|iPhone.Deploy.0 = Release|Any CPU
		{D3FB8DCF-F5A3-4C18-A7D2-5EA5ABEB9D7F}.Release|iPhoneSimulator.ActiveCfg = Release|Any CPU
		{D3FB8DCF-F5A3-4C18-A7D2-5EA5ABEB9D7F}.Release|iPhoneSimulator.Build.0 = Release|Any CPU
		{D3FB8DCF-F5A3-4C18-A7D2-5EA5ABEB9D7F}.Release|iPhoneSimulator.Deploy.0 = Release|Any CPU
		{D3FB8DCF-F5A3-4C18-A7D2-5EA5ABEB9D7F}.Release|x64.ActiveCfg = Release|Any CPU
		{D3FB8DCF-F5A3-4C18-A7D2-5EA5ABEB9D7F}.Release|x64.Build.0 = Release|Any CPU
		{D3FB8DCF-F5A3-4C18-A7D2-5EA5ABEB9D7F}.Release|x64.Deploy.0 = Release|Any CPU
		{D3FB8DCF-F5A3-4C18-A7D2-5EA5ABEB9D7F}.Release|x86.ActiveCfg = Release|Any CPU
		{D3FB8DCF-F5A3-4C18-A7D2-5EA5ABEB9D7F}.Release|x86.Build.0 = Release|Any CPU
		{D3FB8DCF-F5A3-4C18-A7D2-5EA5ABEB9D7F}.Release|x86.Deploy.0 = Release|Any CPU
		{7382DA72-822E-4E06-9DB9-610E29ED8772}.Ad-Hoc|Any CPU.ActiveCfg = Debug|Any CPU
		{7382DA72-822E-4E06-9DB9-610E29ED8772}.Ad-Hoc|Any CPU.Build.0 = Debug|Any CPU
		{7382DA72-822E-4E06-9DB9-610E29ED8772}.Ad-Hoc|ARM.ActiveCfg = Debug|Any CPU
		{7382DA72-822E-4E06-9DB9-610E29ED8772}.Ad-Hoc|ARM.Build.0 = Debug|Any CPU
		{7382DA72-822E-4E06-9DB9-610E29ED8772}.Ad-Hoc|iPhone.ActiveCfg = Debug|Any CPU
		{7382DA72-822E-4E06-9DB9-610E29ED8772}.Ad-Hoc|iPhone.Build.0 = Debug|Any CPU
		{7382DA72-822E-4E06-9DB9-610E29ED8772}.Ad-Hoc|iPhoneSimulator.ActiveCfg = Debug|Any CPU
		{7382DA72-822E-4E06-9DB9-610E29ED8772}.Ad-Hoc|iPhoneSimulator.Build.0 = Debug|Any CPU
		{7382DA72-822E-4E06-9DB9-610E29ED8772}.Ad-Hoc|x64.ActiveCfg = Debug|Any CPU
		{7382DA72-822E-4E06-9DB9-610E29ED8772}.Ad-Hoc|x64.Build.0 = Debug|Any CPU
		{7382DA72-822E-4E06-9DB9-610E29ED8772}.Ad-Hoc|x86.ActiveCfg = Debug|Any CPU
		{7382DA72-822E-4E06-9DB9-610E29ED8772}.Ad-Hoc|x86.Build.0 = Debug|Any CPU
		{7382DA72-822E-4E06-9DB9-610E29ED8772}.AppStore|Any CPU.ActiveCfg = Debug|Any CPU
		{7382DA72-822E-4E06-9DB9-610E29ED8772}.AppStore|Any CPU.Build.0 = Debug|Any CPU
		{7382DA72-822E-4E06-9DB9-610E29ED8772}.AppStore|ARM.ActiveCfg = Debug|Any CPU
		{7382DA72-822E-4E06-9DB9-610E29ED8772}.AppStore|ARM.Build.0 = Debug|Any CPU
		{7382DA72-822E-4E06-9DB9-610E29ED8772}.AppStore|iPhone.ActiveCfg = Debug|Any CPU
		{7382DA72-822E-4E06-9DB9-610E29ED8772}.AppStore|iPhone.Build.0 = Debug|Any CPU
		{7382DA72-822E-4E06-9DB9-610E29ED8772}.AppStore|iPhoneSimulator.ActiveCfg = Debug|Any CPU
		{7382DA72-822E-4E06-9DB9-610E29ED8772}.AppStore|iPhoneSimulator.Build.0 = Debug|Any CPU
		{7382DA72-822E-4E06-9DB9-610E29ED8772}.AppStore|x64.ActiveCfg = Debug|Any CPU
		{7382DA72-822E-4E06-9DB9-610E29ED8772}.AppStore|x64.Build.0 = Debug|Any CPU
		{7382DA72-822E-4E06-9DB9-610E29ED8772}.AppStore|x86.ActiveCfg = Debug|Any CPU
		{7382DA72-822E-4E06-9DB9-610E29ED8772}.AppStore|x86.Build.0 = Debug|Any CPU
		{7382DA72-822E-4E06-9DB9-610E29ED8772}.Debug|Any CPU.ActiveCfg = Debug|Any CPU
		{7382DA72-822E-4E06-9DB9-610E29ED8772}.Debug|Any CPU.Build.0 = Debug|Any CPU
		{7382DA72-822E-4E06-9DB9-610E29ED8772}.Debug|ARM.ActiveCfg = Debug|Any CPU
		{7382DA72-822E-4E06-9DB9-610E29ED8772}.Debug|ARM.Build.0 = Debug|Any CPU
		{7382DA72-822E-4E06-9DB9-610E29ED8772}.Debug|iPhone.ActiveCfg = Debug|Any CPU
		{7382DA72-822E-4E06-9DB9-610E29ED8772}.Debug|iPhone.Build.0 = Debug|Any CPU
		{7382DA72-822E-4E06-9DB9-610E29ED8772}.Debug|iPhoneSimulator.ActiveCfg = Debug|Any CPU
		{7382DA72-822E-4E06-9DB9-610E29ED8772}.Debug|iPhoneSimulator.Build.0 = Debug|Any CPU
		{7382DA72-822E-4E06-9DB9-610E29ED8772}.Debug|x64.ActiveCfg = Debug|Any CPU
		{7382DA72-822E-4E06-9DB9-610E29ED8772}.Debug|x64.Build.0 = Debug|Any CPU
		{7382DA72-822E-4E06-9DB9-610E29ED8772}.Debug|x86.ActiveCfg = Debug|Any CPU
		{7382DA72-822E-4E06-9DB9-610E29ED8772}.Debug|x86.Build.0 = Debug|Any CPU
		{7382DA72-822E-4E06-9DB9-610E29ED8772}.Release|Any CPU.ActiveCfg = Release|Any CPU
		{7382DA72-822E-4E06-9DB9-610E29ED8772}.Release|Any CPU.Build.0 = Release|Any CPU
		{7382DA72-822E-4E06-9DB9-610E29ED8772}.Release|ARM.ActiveCfg = Release|Any CPU
		{7382DA72-822E-4E06-9DB9-610E29ED8772}.Release|ARM.Build.0 = Release|Any CPU
		{7382DA72-822E-4E06-9DB9-610E29ED8772}.Release|iPhone.ActiveCfg = Release|Any CPU
		{7382DA72-822E-4E06-9DB9-610E29ED8772}.Release|iPhone.Build.0 = Release|Any CPU
		{7382DA72-822E-4E06-9DB9-610E29ED8772}.Release|iPhoneSimulator.ActiveCfg = Release|Any CPU
		{7382DA72-822E-4E06-9DB9-610E29ED8772}.Release|iPhoneSimulator.Build.0 = Release|Any CPU
		{7382DA72-822E-4E06-9DB9-610E29ED8772}.Release|x64.ActiveCfg = Release|Any CPU
		{7382DA72-822E-4E06-9DB9-610E29ED8772}.Release|x64.Build.0 = Release|Any CPU
		{7382DA72-822E-4E06-9DB9-610E29ED8772}.Release|x86.ActiveCfg = Release|Any CPU
		{7382DA72-822E-4E06-9DB9-610E29ED8772}.Release|x86.Build.0 = Release|Any CPU
	EndGlobalSection
	GlobalSection(SolutionProperties) = preSolution
		HideSolutionNode = FALSE
	EndGlobalSection
	GlobalSection(ExtensibilityGlobals) = postSolution
		SolutionGuid = {08A68C8B-5E26-4E1E-957F-E2099F59DEEE}
	EndGlobalSection
EndGlobal
